
Microsoft Visual Studio Solution File, Format Version 12.00
# Visual Studio 15
VisualStudioVersion = 15.0.28307.168
MinimumVisualStudioVersion = 10.0.40219.1
Project("{8BC9CEB8-8B4A-11D0-8D11-00A0C91BC942}") = "2019_04_01.c", "2019_04_01.c\2019_04_01.c.vcxproj", "{ED5B4703-66EC-4496-83BE-1BD9148EB6B3}"
EndProject
Global
	GlobalSection(SolutionConfigurationPlatforms) = preSolution
		Debug|x64 = Debug|x64
		Debug|x86 = Debug|x86
		Release|x64 = Release|x64
		Release|x86 = Release|x86
	EndGlobalSection
	GlobalSection(ProjectConfigurationPlatforms) = postSolution
		{ED5B4703-66EC-4496-83BE-1BD9148EB6B3}.Debug|x64.ActiveCfg = Debug|x64
		{ED5B4703-66EC-4496-83BE-1BD9148EB6B3}.Debug|x64.Build.0 = Debug|x64
		{ED5B4703-66EC-4496-83BE-1BD9148EB6B3}.Debug|x86.ActiveCfg = Debug|Win32
		{ED5B4703-66EC-4496-83BE-1BD9148EB6B3}.Debug|x86.Build.0 = Debug|Win32
		{ED5B4703-66EC-4496-83BE-1BD9148EB6B3}.Release|x64.ActiveCfg = Release|x64
		{ED5B4703-66EC-4496-83BE-1BD9148EB6B3}.Release|x64.Build.0 = Release|x64
		{ED5B4703-66EC-4496-83BE-1BD9148EB6B3}.Release|x86.ActiveCfg = Release|Win32
		{ED5B4703-66EC-4496-83BE-1BD9148EB6B3}.Release|x86.Build.0 = Release|Win32
	EndGlobalSection
	GlobalSection(SolutionProperties) = preSolution
		HideSolutionNode = FALSE
	EndGlobalSection
	GlobalSection(ExtensibilityGlobals) = postSolution
		SolutionGuid = {A82C9561-A2B0-47AC-A2DC-F788112E3231}
	EndGlobalSection
EndGlobal
